# This file is autogenerated, do not edit; changes may be undone by the next 'dep ensure'.


[[projects]]
  branch = "master"
  digest = "1:28e2af906774577e67db741d0aff5f49216c4fea2f0388e5bb34eceb1743b548"
  name = "github.com/AlexMarco7/aclow"
  packages = ["."]
  pruneopts = ""
  revision = "65c1acb73f60452b8fe5a347ede67bc1bbaa318a"

[[projects]]
  digest = "1:ad92aa49f34cbc3546063c7eb2cabb55ee2278b72842eda80e2a20a8a06a8d73"
  name = "github.com/google/uuid"
  packages = ["."]
  pruneopts = ""
  revision = "0cd6bf5da1e1c83f8b45653022c74f71af0538a4"
  version = "v1.1.1"

[[projects]]
  digest = "1:924de68772551e1c0ede154e219174315aa2e40d626871acac021044f78cc772"
  name = "github.com/nats-io/gnatsd"
  packages = [
    "conf",
    "logger",
    "server",
    "server/pse",
  ]
  pruneopts = ""
  revision = "3e64f0bfd1fe4c2cf6599f064ff72fa7af439663"
  version = "v1.4.1"

[[projects]]
  digest = "1:2b5ed2cf6e8623bddd5653cffb8c6e462c2390b70186eb01546539aa177bb194"
  name = "github.com/nats-io/go-nats"
  packages = [
    ".",
    "encoders/builtin",
    "util",
  ]
  pruneopts = ""
  revision = "70fe06cee50d4b6f98248d9675fb55f2a3aa7228"
  version = "v1.7.2"

[[projects]]
  digest = "1:0006112541eed60bdfa279c8965c038865f05a677d980305dae7a0eec5bd133c"
  name = "github.com/nats-io/nkeys"
  packages = ["."]
  pruneopts = ""
  revision = "1546a3320a8f195a5b5c84aef8309377c2e411d5"
  version = "v0.0.2"

[[projects]]
  digest = "1:9abd194bb617fe4df66607ca59812ca91caeb2053c8c9869d3507939bb63cc0b"
  name = "github.com/nats-io/nuid"
  packages = ["."]
  pruneopts = ""
  revision = "4b96681fa6d28dd0ab5fe79bac63b3a493d9ee94"
  version = "v1.0.1"

[[projects]]
  branch = "master"
  digest = "1:5b3e9450868bcf9ecbca2b01ac04f142255b5744d89ec97e1ceedf57d4522645"
  name = "golang.org/x/crypto"
  packages = [
    "bcrypt",
    "blowfish",
    "ed25519",
    "ed25519/internal/edwards25519",
  ]
  pruneopts = ""
  revision = "22d7a77e9e5f409e934ed268692e56707cd169e5"

[[projects]]
  branch = "master"
  digest = "1:e58995028b90bb1d69bf0968e3f8c2543d5a9db78d1206c2b3d2571a0b8b4a88"
  name = "golang.org/x/sys"
  packages = [
    "windows",
    "windows/registry",
    "windows/svc",
    "windows/svc/debug",
    "windows/svc/eventlog",
    "windows/svc/mgr",
  ]
  pruneopts = ""
  revision = "9cd6430ef91e39e1a0ec0470cf1321a33ef1b887"

[solve-meta]
  analyzer-name = "dep"
  analyzer-version = 1
  input-imports = [
    "github.com/AlexMarco7/aclow",
    "github.com/google/uuid",
    "github.com/nats-io/gnatsd/server",
    "github.com/nats-io/go-nats",
  ]
  solver-name = "gps-cdcl"
  solver-version = 1
