# This file is autogenerated, do not edit; changes may be undone by the next 'dep ensure'.


[[projects]]
  digest = "1:ad92aa49f34cbc3546063c7eb2cabb55ee2278b72842eda80e2a20a8a06a8d73"
  name = "github.com/google/uuid"
  packages = ["."]
  pruneopts = ""
  revision = "0cd6bf5da1e1c83f8b45653022c74f71af0538a4"
  version = "v1.1.1"

[[projects]]
  digest = "1:924de68772551e1c0ede154e219174315aa2e40d626871acac021044f78cc772"
  name = "github.com/nats-io/gnatsd"
  packages = [
    "conf",
    "logger",
    "server",
    "server/pse",
  ]
  pruneopts = ""
  revision = "3e64f0bfd1fe4c2cf6599f064ff72fa7af439663"
  version = "v1.4.1"

[[projects]]
  digest = "1:2b5ed2cf6e8623bddd5653cffb8c6e462c2390b70186eb01546539aa177bb194"
  name = "github.com/nats-io/go-nats"
  packages = [
    ".",
    "encoders/builtin",
    "util",
  ]
  pruneopts = ""
  revision = "70fe06cee50d4b6f98248d9675fb55f2a3aa7228"
  version = "v1.7.2"

[[projects]]
  digest = "1:5006310dbd3124c74528c50f5bb6bbdbb95b0972e87669c4b5b95bf8b8023668"
  name = "github.com/nats-io/jwt"
  packages = ["."]
  pruneopts = ""
  revision = "8527407e521556b9f0253318912cc03fd84a5bbd"
  version = "v1.0.1"

[[projects]]
  digest = "1:e0e2507bbab0fff32dd0e084123a1b3f80898afd8967e631ebca2452482185a5"
  name = "github.com/nats-io/nats.go"
  packages = [
    ".",
    "encoders/builtin",
    "util",
  ]
  pruneopts = ""
  revision = "120703c6d80965e2f1e7a542c88dc574987b17e1"
  version = "v1.10.0"

[[projects]]
  digest = "1:f5df948c12bbeb2c2b878e54c24368abe6f1ec75cf689ef492880f39c135c941"
  name = "github.com/nats-io/nkeys"
  packages = ["."]
  pruneopts = ""
  revision = "3653aeb9baf610b5d160bbafc89e3470a47e08c8"
  version = "v0.2.0"

[[projects]]
  digest = "1:9abd194bb617fe4df66607ca59812ca91caeb2053c8c9869d3507939bb63cc0b"
  name = "github.com/nats-io/nuid"
  packages = ["."]
  pruneopts = ""
  revision = "4b96681fa6d28dd0ab5fe79bac63b3a493d9ee94"
  version = "v1.0.1"

[[projects]]
  branch = "master"
  digest = "1:69a98da9ff007d76f7297d7d3504164c9155f389958a71b4e8ec590762773c56"
  name = "golang.org/x/crypto"
  packages = [
    "bcrypt",
    "blowfish",
    "ed25519",
    "ed25519/internal/edwards25519",
  ]
  pruneopts = ""
  revision = "75b288015ac94e66e3d6715fb68a9b41bf046ec2"

[[projects]]
  branch = "master"
  digest = "1:e00435f76d40ca8b876004dfbac59262ad102a19a5223bd52781101cf00833c6"
  name = "golang.org/x/sys"
  packages = [
    "internal/unsafeheader",
    "windows",
    "windows/registry",
    "windows/svc",
    "windows/svc/debug",
    "windows/svc/eventlog",
    "windows/svc/mgr",
  ]
  pruneopts = ""
  revision = "ddb9806d33aed8dbaac1cd6f1cba58952e87f933"

[solve-meta]
  analyzer-name = "dep"
  analyzer-version = 1
  input-imports = [
    "github.com/google/uuid",
    "github.com/nats-io/gnatsd/server",
    "github.com/nats-io/go-nats",
    "github.com/nats-io/nats.go",
  ]
  solver-name = "gps-cdcl"
  solver-version = 1
